// !$*UTF8*$!
{
	archiveVersion = 1;
	classes = {
	};
	objectVersion = 46;
	objects = {

/* Begin PBXBuildFile section */
		22ADC2891EAAC876003CC74E /* AppDelegate.swift in Sources */ = {isa = PBXBuildFile; fileRef = 22ADC2881EAAC876003CC74E /* AppDelegate.swift */; };
		22ADC28B1EAAC876003CC74E /* ViewController.swift in Sources */ = {isa = PBXBuildFile; fileRef = 22ADC28A1EAAC876003CC74E /* ViewController.swift */; };
		22ADC2901EAAC876003CC74E /* Assets.xcassets in Resources */ = {isa = PBXBuildFile; fileRef = 22ADC28F1EAAC876003CC74E /* Assets.xcassets */; };
		22ADC2931EAAC876003CC74E /* LaunchScreen.storyboard in Resources */ = {isa = PBXBuildFile; fileRef = 22ADC2911EAAC876003CC74E /* LaunchScreen.storyboard */; };
		22DBB92F1EAB155F00BC9519 /* UserSearch.swift in Sources */ = {isa = PBXBuildFile; fileRef = 22DBB92E1EAB155F00BC9519 /* UserSearch.swift */; };
		741C9AD4287D486972D7F15A /* Pods_RealmSearch.framework in Frameworks */ = {isa = PBXBuildFile; fileRef = B7B0B0FE307CC5C09A346DDF /* Pods_RealmSearch.framework */; };
/* End PBXBuildFile section */

/* Begin PBXFileReference section */
		22ADC2851EAAC876003CC74E /* RealmSearch.app */ = {isa = PBXFileReference; explicitFileType = wrapper.application; includeInIndex = 0; path = RealmSearch.app; sourceTree = BUILT_PRODUCTS_DIR; };
		22ADC2881EAAC876003CC74E /* AppDelegate.swift */ = {isa = PBXFileReference; lastKnownFileType = sourcecode.swift; path = AppDelegate.swift; sourceTree = "<group>"; };
		22ADC28A1EAAC876003CC74E /* ViewController.swift */ = {isa = PBXFileReference; lastKnownFileType = sourcecode.swift; path = ViewController.swift; sourceTree = "<group>"; };
		22ADC28F1EAAC876003CC74E /* Assets.xcassets */ = {isa = PBXFileReference; lastKnownFileType = folder.assetcatalog; path = Assets.xcassets; sourceTree = "<group>"; };
		22ADC2921EAAC876003CC74E /* Base */ = {isa = PBXFileReference; lastKnownFileType = file.storyboard; name = Base; path = Base.lproj/LaunchScreen.storyboard; sourceTree = "<group>"; };
		22ADC2941EAAC876003CC74E /* Info.plist */ = {isa = PBXFileReference; lastKnownFileType = text.plist.xml; path = Info.plist; sourceTree = "<group>"; };
		22DBB92E1EAB155F00BC9519 /* UserSearch.swift */ = {isa = PBXFileReference; fileEncoding = 4; lastKnownFileType = sourcecode.swift; path = UserSearch.swift; sourceTree = "<group>"; };
		B7B0B0FE307CC5C09A346DDF /* Pods_RealmSearch.framework */ = {isa = PBXFileReference; explicitFileType = wrapper.framework; includeInIndex = 0; path = Pods_RealmSearch.framework; sourceTree = BUILT_PRODUCTS_DIR; };
		C95DD84D3CF9B2044BA50F85 /* Pods-RealmSearch.debug.xcconfig */ = {isa = PBXFileReference; includeInIndex = 1; lastKnownFileType = text.xcconfig; name = "Pods-RealmSearch.debug.xcconfig"; path = "Pods/Target Support Files/Pods-RealmSearch/Pods-RealmSearch.debug.xcconfig"; sourceTree = "<group>"; };
		DBB863251F9BC776468D28E9 /* Pods-RealmSearch.release.xcconfig */ = {isa = PBXFileReference; includeInIndex = 1; lastKnownFileType = text.xcconfig; name = "Pods-RealmSearch.release.xcconfig"; path = "Pods/Target Support Files/Pods-RealmSearch/Pods-RealmSearch.release.xcconfig"; sourceTree = "<group>"; };
/* End PBXFileReference section */

/* Begin PBXFrameworksBuildPhase section */
		22ADC2821EAAC876003CC74E /* Frameworks */ = {
			isa = PBXFrameworksBuildPhase;
			buildActionMask = 2147483647;
			files = (
				741C9AD4287D486972D7F15A /* Pods_RealmSearch.framework in Frameworks */,
			);
			runOnlyForDeploymentPostprocessing = 0;
		};
/* End PBXFrameworksBuildPhase section */

/* Begin PBXGroup section */
		22ADC27C1EAAC876003CC74E = {
			isa = PBXGroup;
			children = (
				22ADC2871EAAC876003CC74E /* RealmSearch */,
				22ADC2861EAAC876003CC74E /* Products */,
				354486D3F01D4E70265C3D9D /* Pods */,
				F76A8402F2A7DDBA3BF07847 /* Frameworks */,
			);
			sourceTree = "<group>";
		};
		22ADC2861EAAC876003CC74E /* Products */ = {
			isa = PBXGroup;
			children = (
				22ADC2851EAAC876003CC74E /* RealmSearch.app */,
			);
			name = Products;
			sourceTree = "<group>";
		};
		22ADC2871EAAC876003CC74E /* RealmSearch */ = {
			isa = PBXGroup;
			children = (
				22ADC2881EAAC876003CC74E /* AppDelegate.swift */,
				22ADC28A1EAAC876003CC74E /* ViewController.swift */,
				22DBB92E1EAB155F00BC9519 /* UserSearch.swift */,
				22ADC28F1EAAC876003CC74E /* Assets.xcassets */,
				22ADC2911EAAC876003CC74E /* LaunchScreen.storyboard */,
				22ADC2941EAAC876003CC74E /* Info.plist */,
			);
			path = RealmSearch;
			sourceTree = "<group>";
		};
		354486D3F01D4E70265C3D9D /* Pods */ = {
			isa = PBXGroup;
			children = (
				C95DD84D3CF9B2044BA50F85 /* Pods-RealmSearch.debug.xcconfig */,
				DBB863251F9BC776468D28E9 /* Pods-RealmSearch.release.xcconfig */,
			);
			name = Pods;
			sourceTree = "<group>";
		};
		F76A8402F2A7DDBA3BF07847 /* Frameworks */ = {
			isa = PBXGroup;
			children = (
				B7B0B0FE307CC5C09A346DDF /* Pods_RealmSearch.framework */,
			);
			name = Frameworks;
			sourceTree = "<group>";
		};
/* End PBXGroup section */

/* Begin PBXNativeTarget section */
		22ADC2841EAAC876003CC74E /* RealmSearch */ = {
			isa = PBXNativeTarget;
			buildConfigurationList = 22ADC2971EAAC876003CC74E /* Build configuration list for PBXNativeTarget "RealmSearch" */;
			buildPhases = (
				CAB658EC8429B31D8FEBA6E5 /* [CP] Check Pods Manifest.lock */,
				22ADC2811EAAC876003CC74E /* Sources */,
				22ADC2821EAAC876003CC74E /* Frameworks */,
				22ADC2831EAAC876003CC74E /* Resources */,
				2D83841C661E90B943782D4D /* [CP] Embed Pods Frameworks */,
				206A551D38D7C683FF0A7604 /* [CP] Copy Pods Resources */,
			);
			buildRules = (
			);
			dependencies = (
			);
			name = RealmSearch;
			productName = RealmSearch;
			productReference = 22ADC2851EAAC876003CC74E /* RealmSearch.app */;
			productType = "com.apple.product-type.application";
		};
/* End PBXNativeTarget section */

/* Begin PBXProject section */
		22ADC27D1EAAC876003CC74E /* Project object */ = {
			isa = PBXProject;
			attributes = {
				LastSwiftUpdateCheck = 0830;
				LastUpgradeCheck = 0830;
				ORGANIZATIONNAME = Realm;
				TargetAttributes = {
					22ADC2841EAAC876003CC74E = {
						CreatedOnToolsVersion = 8.3.2;
						DevelopmentTeam = QX5CR2FTN2;
						ProvisioningStyle = Automatic;
					};
				};
			};
			buildConfigurationList = 22ADC2801EAAC876003CC74E /* Build configuration list for PBXProject "RealmSearch" */;
			compatibilityVersion = "Xcode 3.2";
			developmentRegion = English;
			hasScannedForEncodings = 0;
			knownRegions = (
				en,
				Base,
			);
			mainGroup = 22ADC27C1EAAC876003CC74E;
			productRefGroup = 22ADC2861EAAC876003CC74E /* Products */;
			projectDirPath = "";
			projectRoot = "";
			targets = (
				22ADC2841EAAC876003CC74E /* RealmSearch */,
			);
		};
/* End PBXProject section */

/* Begin PBXResourcesBuildPhase section */
		22ADC2831EAAC876003CC74E /* Resources */ = {
			isa = PBXResourcesBuildPhase;
			buildActionMask = 2147483647;
			files = (
				22ADC2931EAAC876003CC74E /* LaunchScreen.storyboard in Resources */,
				22ADC2901EAAC876003CC74E /* Assets.xcassets in Resources */,
			);
			runOnlyForDeploymentPostprocessing = 0;
		};
/* End PBXResourcesBuildPhase section */

/* Begin PBXShellScriptBuildPhase section */
		206A551D38D7C683FF0A7604 /* [CP] Copy Pods Resources */ = {
			isa = PBXShellScriptBuildPhase;
			buildActionMask = 2147483647;
			files = (
			);
			inputPaths = (
			);
			name = "[CP] Copy Pods Resources";
			outputPaths = (
			);
			runOnlyForDeploymentPostprocessing = 0;
			shellPath = /bin/sh;
			shellScript = "\"${SRCROOT}/Pods/Target Support Files/Pods-RealmSearch/Pods-RealmSearch-resources.sh\"\n";
			showEnvVarsInLog = 0;
		};
		2D83841C661E90B943782D4D /* [CP] Embed Pods Frameworks */ = {
			isa = PBXShellScriptBuildPhase;
			buildActionMask = 2147483647;
			files = (
			);
			inputPaths = (
			);
			name = "[CP] Embed Pods Frameworks";
			outputPaths = (
			);
			runOnlyForDeploymentPostprocessing = 0;
			shellPath = /bin/sh;
			shellScript = "\"${SRCROOT}/Pods/Target Support Files/Pods-RealmSearch/Pods-RealmSearch-frameworks.sh\"\n";
			showEnvVarsInLog = 0;
		};
		CAB658EC8429B31D8FEBA6E5 /* [CP] Check Pods Manifest.lock */ = {
			isa = PBXShellScriptBuildPhase;
			buildActionMask = 2147483647;
			files = (
			);
			inputPaths = (
			);
			name = "[CP] Check Pods Manifest.lock";
			outputPaths = (
			);
			runOnlyForDeploymentPostprocessing = 0;
			shellPath = /bin/sh;
			shellScript = "diff \"${PODS_ROOT}/../Podfile.lock\" \"${PODS_ROOT}/Manifest.lock\" > /dev/null\nif [ $? != 0 ] ; then\n    # print error to STDERR\n    echo \"error: The sandbox is not in sync with the Podfile.lock. Run 'pod install' or update your CocoaPods installation.\" >&2\n    exit 1\nfi\n";
			showEnvVarsInLog = 0;
		};
/* End PBXShellScriptBuildPhase section */

/* Begin PBXSourcesBuildPhase section */
		22ADC2811EAAC876003CC74E /* Sources */ = {
			isa = PBXSourcesBuildPhase;
			buildActionMask = 2147483647;
			files = (
				22DBB92F1EAB155F00BC9519 /* UserSearch.swift in Sources */,
				22ADC28B1EAAC876003CC74E /* ViewController.swift in Sources */,
				22ADC2891EAAC876003CC74E /* AppDelegate.swift in Sources */,
			);
			runOnlyForDeploymentPostprocessing = 0;
		};
/* End PBXSourcesBuildPhase section */

/* Begin PBXVariantGroup section */
		22ADC2911EAAC876003CC74E /* LaunchScreen.storyboard */ = {
			isa = PBXVariantGroup;
			children = (
				22ADC2921EAAC876003CC74E /* Base */,
			);
			name = LaunchScreen.storyboard;
			sourceTree = "<group>";
		};
/* End PBXVariantGroup section */

/* Begin XCBuildConfiguration section */
		22ADC2951EAAC876003CC74E /* Debug */ = {
			isa = XCBuildConfiguration;
			buildSettings = {
				ALWAYS_SEARCH_USER_PATHS = NO;
				CLANG_ANALYZER_NONNULL = YES;
				CLANG_ANALYZER_NUMBER_OBJECT_CONVERSION = YES_AGGRESSIVE;
				CLANG_CXX_LANGUAGE_STANDARD = "gnu++0x";
				CLANG_CXX_LIBRARY = "libc++";
				CLANG_ENABLE_MODULES = YES;
				CLANG_ENABLE_OBJC_ARC = YES;
				CLANG_WARN_BOOL_CONVERSION = YES;
				CLANG_WARN_CONSTANT_CONVERSION = YES;
				CLANG_WARN_DIRECT_OBJC_ISA_USAGE = YES_ERROR;
				CLANG_WARN_DOCUMENTATION_COMMENTS = YES;
				CLANG_WARN_EMPTY_BODY = YES;
				CLANG_WARN_ENUM_CONVERSION = YES;
				CLANG_WARN_INFINITE_RECURSION = YES;
				CLANG_WARN_INT_CONVERSION = YES;
				CLANG_WARN_OBJC_ROOT_CLASS = YES_ERROR;
				CLANG_WARN_SUSPICIOUS_MOVE = YES;
				CLANG_WARN_UNREACHABLE_CODE = YES;
				CLANG_WARN__DUPLICATE_METHOD_MATCH = YES;
				"CODE_SIGN_IDENTITY[sdk=iphoneos*]" = "iPhone Developer";
				COPY_PHASE_STRIP = NO;
				DEBUG_INFORMATION_FORMAT = dwarf;
				ENABLE_STRICT_OBJC_MSGSEND = YES;
				ENABLE_TESTABILITY = YES;
				GCC_C_LANGUAGE_STANDARD = gnu99;
				GCC_DYNAMIC_NO_PIC = NO;
				GCC_NO_COMMON_BLOCKS = YES;
				GCC_OPTIMIZATION_LEVEL = 0;
				GCC_PREPROCESSOR_DEFINITIONS = (
					"DEBUG=1",
					"$(inherited)",
				);
				GCC_WARN_64_TO_32_BIT_CONVERSION = YES;
				GCC_WARN_ABOUT_RETURN_TYPE = YES_ERROR;
				GCC_WARN_UNDECLARED_SELECTOR = YES;
				GCC_WARN_UNINITIALIZED_AUTOS = YES_AGGRESSIVE;
				GCC_WARN_UNUSED_FUNCTION = YES;
				GCC_WARN_UNUSED_VARIABLE = YES;
				IPHONEOS_DEPLOYMENT_TARGET = 10.3;
				MTL_ENABLE_DEBUG_INFO = YES;
				ONLY_ACTIVE_ARCH = YES;
				SDKROOT = iphoneos;
				SWIFT_ACTIVE_COMPILATION_CONDITIONS = DEBUG;
				SWIFT_OPTIMIZATION_LEVEL = "-Onone";
				TARGETED_DEVICE_FAMILY = "1,2";
			};
			name = Debug;
		};
		22ADC2961EAAC876003CC74E /* Release */ = {
			isa = XCBuildConfiguration;
			buildSettings = {
				ALWAYS_SEARCH_USER_PATHS = NO;
				CLANG_ANALYZER_NONNULL = YES;
				CLANG_ANALYZER_NUMBER_OBJECT_CONVERSION = YES_AGGRESSIVE;
				CLANG_CXX_LANGUAGE_STANDARD = "gnu++0x";
				CLANG_CXX_LIBRARY = "libc++";
				CLANG_ENABLE_MODULES = YES;
				CLANG_ENABLE_OBJC_ARC = YES;
				CLANG_WARN_BOOL_CONVERSION = YES;
				CLANG_WARN_CONSTANT_CONVERSION = YES;
				CLANG_WARN_DIRECT_OBJC_ISA_USAGE = YES_ERROR;
				CLANG_WARN_DOCUMENTATION_COMMENTS = YES;
				CLANG_WARN_EMPTY_BODY = YES;
				CLANG_WARN_ENUM_CONVERSION = YES;
				CLANG_WARN_INFINITE_RECURSION = YES;
				CLANG_WARN_INT_CONVERSION = YES;
				CLANG_WARN_OBJC_ROOT_CLASS = YES_ERROR;
				CLANG_WARN_SUSPICIOUS_MOVE = YES;
				CLANG_WARN_UNREACHABLE_CODE = YES;
				CLANG_WARN__DUPLICATE_METHOD_MATCH = YES;
				"CODE_SIGN_IDENTITY[sdk=iphoneos*]" = "iPhone Developer";
				COPY_PHASE_STRIP = NO;
				DEBUG_INFORMATION_FORMAT = "dwarf-with-dsym";
				ENABLE_NS_ASSERTIONS = NO;
				ENABLE_STRICT_OBJC_MSGSEND = YES;
				GCC_C_LANGUAGE_STANDARD = gnu99;
				GCC_NO_COMMON_BLOCKS = YES;
				GCC_WARN_64_TO_32_BIT_CONVERSION = YES;
				GCC_WARN_ABOUT_RETURN_TYPE = YES_ERROR;
				GCC_WARN_UNDECLARED_SELECTOR = YES;
				GCC_WARN_UNINITIALIZED_AUTOS = YES_AGGRESSIVE;
				GCC_WARN_UNUSED_FUNCTION = YES;
				GCC_WARN_UNUSED_VARIABLE = YES;
				IPHONEOS_DEPLOYMENT_TARGET = 10.3;
				MTL_ENABLE_DEBUG_INFO = NO;
				SDKROOT = iphoneos;
				SWIFT_OPTIMIZATION_LEVEL = "-Owholemodule";
				TARGETED_DEVICE_FAMILY = "1,2";
				VALIDATE_PRODUCT = YES;
			};
			name = Release;
		};
		22ADC2981EAAC876003CC74E /* Debug */ = {
			isa = XCBuildConfiguration;
			baseConfigurationReference = C95DD84D3CF9B2044BA50F85 /* Pods-RealmSearch.debug.xcconfig */;
			buildSettings = {
				ASSETCATALOG_COMPILER_APPICON_NAME = AppIcon;
				DEVELOPMENT_TEAM = QX5CR2FTN2;
				INFOPLIST_FILE = RealmSearch/Info.plist;
				IPHONEOS_DEPLOYMENT_TARGET = 10.0;
				LD_RUNPATH_SEARCH_PATHS = "$(inherited) @executable_path/Frameworks";
				PRODUCT_BUNDLE_IDENTIFIER = io.realm.RealmSearch;
				PRODUCT_NAME = "$(TARGET_NAME)";
				SWIFT_VERSION = 3.0;
			};
			name = Debug;
		};
		22ADC2991EAAC876003CC74E /* Release */ = {
			isa = XCBuildConfiguration;
			baseConfigurationReference = DBB863251F9BC776468D28E9 /* Pods-RealmSearch.release.xcconfig */;
			buildSettings = {
				ASSETCATALOG_COMPILER_APPICON_NAME = AppIcon;
				DEVELOPMENT_TEAM = QX5CR2FTN2;
				INFOPLIST_FILE = RealmSearch/Info.plist;
				IPHONEOS_DEPLOYMENT_TARGET = 10.0;
				LD_RUNPATH_SEARCH_PATHS = "$(inherited) @executable_path/Frameworks";
				PRODUCT_BUNDLE_IDENTIFIER = io.realm.RealmSearch;
				PRODUCT_NAME = "$(TARGET_NAME)";
				SWIFT_VERSION = 3.0;
			};
			name = Release;
		};
/* End XCBuildConfiguration section */

/* Begin XCConfigurationList section */
		22ADC2801EAAC876003CC74E /* Build configuration list for PBXProject "RealmSearch" */ = {
			isa = XCConfigurationList;
			buildConfigurations = (
				22ADC2951EAAC876003CC74E /* Debug */,
				22ADC2961EAAC876003CC74E /* Release */,
			);
			defaultConfigurationIsVisible = 0;
			defaultConfigurationName = Release;
		};
		22ADC2971EAAC876003CC74E /* Build configuration list for PBXNativeTarget "RealmSearch" */ = {
			isa = XCConfigurationList;
			buildConfigurations = (
				22ADC2981EAAC876003CC74E /* Debug */,
				22ADC2991EAAC876003CC74E /* Release */,
			);
			defaultConfigurationIsVisible = 0;
			defaultConfigurationName = Release;
		};
/* End XCConfigurationList section */
	};
	rootObject = 22ADC27D1EAAC876003CC74E /* Project object */;
}
